
Microsoft Visual Studio Solution File, Format Version 12.00
# Visual Studio Version 17
VisualStudioVersion = 17.0.31903.59
MinimumVisualStudioVersion = 10.0.40219.1
Project("{FAE04EC0-301F-11D3-BF4B-00C04F79EFBC}") = "Calculator.Domain", "Calculator.Domain\Calculator.Domain.csproj", "{6B554B26-A918-493E-B80A-070DD7A0EA55}"
EndProject
Project("{FAE04EC0-301F-11D3-BF4B-00C04F79EFBC}") = "Calculator.Application", "Calculator.Application\Calculator.Application.csproj", "{DAE8CE7C-20C3-4B0D-A10F-40B4033629FE}"
EndProject
Project("{FAE04EC0-301F-11D3-BF4B-00C04F79EFBC}") = "Calculator.Infrastructure", "Calculator.Infrastructure\Calculator.Infrastructure.csproj", "{5F7B856B-F842-45C2-8BC5-2E4DB5760AF8}"
EndProject
Project("{FAE04EC0-301F-11D3-BF4B-00C04F79EFBC}") = "Calculator.API", "Calculator.API\Calculator.API.csproj", "{8D48FA94-F3D1-4F8C-8560-FD9FC410F026}"
EndProject
Project("{FAE04EC0-301F-11D3-BF4B-00C04F79EFBC}") = "Calculator.UI", "Calculator.UI\Calculator.UI.csproj", "{ED85DFA2-7EBE-4DC1-940B-90C72EA769BE}"
EndProject
Project("{FAE04EC0-301F-11D3-BF4B-00C04F79EFBC}") = "Calculator.Tests.Domain", "Calculator.Tests.Domain\Calculator.Tests.Domain.csproj", "{C8688175-13E1-4C3C-B47A-96AC8B64FC11}"
EndProject
Project("{FAE04EC0-301F-11D3-BF4B-00C04F79EFBC}") = "Calculator.Tests.Application", "Calculator.Tests.Application\Calculator.Tests.Application.csproj", "{91FAB2EA-71C0-4FCB-B6AB-0E94F10F55DF}"
EndProject
Project("{FAE04EC0-301F-11D3-BF4B-00C04F79EFBC}") = "Calculator.Tests.Infrastructure", "Calculator.Tests.Infrastructure\Calculator.Tests.Infrastructure.csproj", "{71A16E89-ABF0-407D-A137-5C21EF293702}"
EndProject
Project("{FAE04EC0-301F-11D3-BF4B-00C04F79EFBC}") = "Calculator.Specs", "Calculator.Specs\Calculator.Specs.csproj", "{DBF3D767-B0F2-49FE-8FCB-30E9561618B3}"
EndProject
Project("{2150E333-8FDC-42A3-9474-1A3956D46DE8}") = "1. Presentation", "1. Presentation", "{02EA681E-C7D8-13C7-8484-4AC65E1B71E8}"
EndProject
Project("{2150E333-8FDC-42A3-9474-1A3956D46DE8}") = "2. Domain", "2. Domain", "{DEF6B502-E771-44C5-80F4-23F8F6A23808}"
EndProject
Project("{2150E333-8FDC-42A3-9474-1A3956D46DE8}") = "3. Tests", "3. Tests", "{3BD6ED54-B14B-41FD-8107-73198AE6A2B0}"
EndProject
Project("{2150E333-8FDC-42A3-9474-1A3956D46DE8}") = "0. Other Assets", "0. Other Assets", "{CC11703F-DBF6-4091-A4A9-1234E1DD22E3}"
	ProjectSection(SolutionItems) = preProject
		.editorconfig = .editorconfig
	EndProjectSection
EndProject
Project("{FAE04EC0-301F-11D3-BF4B-00C04F79EFBC}") = "Calculator.Tests.UI", "Calculator.Tests.UI\Calculator.Tests.UI.csproj", "{9CE17558-7947-433B-85FB-948E69276C16}"
EndProject
Global
	GlobalSection(SolutionConfigurationPlatforms) = preSolution
		Debug|Any CPU = Debug|Any CPU
		Debug|x64 = Debug|x64
		Debug|x86 = Debug|x86
		Release|Any CPU = Release|Any CPU
		Release|x64 = Release|x64
		Release|x86 = Release|x86
	EndGlobalSection
	GlobalSection(ProjectConfigurationPlatforms) = postSolution
		{6B554B26-A918-493E-B80A-070DD7A0EA55}.Debug|Any CPU.ActiveCfg = Debug|Any CPU
		{6B554B26-A918-493E-B80A-070DD7A0EA55}.Debug|Any CPU.Build.0 = Debug|Any CPU
		{6B554B26-A918-493E-B80A-070DD7A0EA55}.Debug|x64.ActiveCfg = Debug|Any CPU
		{6B554B26-A918-493E-B80A-070DD7A0EA55}.Debug|x64.Build.0 = Debug|Any CPU
		{6B554B26-A918-493E-B80A-070DD7A0EA55}.Debug|x86.ActiveCfg = Debug|Any CPU
		{6B554B26-A918-493E-B80A-070DD7A0EA55}.Debug|x86.Build.0 = Debug|Any CPU
		{6B554B26-A918-493E-B80A-070DD7A0EA55}.Release|Any CPU.ActiveCfg = Release|Any CPU
		{6B554B26-A918-493E-B80A-070DD7A0EA55}.Release|Any CPU.Build.0 = Release|Any CPU
		{6B554B26-A918-493E-B80A-070DD7A0EA55}.Release|x64.ActiveCfg = Release|Any CPU
		{6B554B26-A918-493E-B80A-070DD7A0EA55}.Release|x64.Build.0 = Release|Any CPU
		{6B554B26-A918-493E-B80A-070DD7A0EA55}.Release|x86.ActiveCfg = Release|Any CPU
		{6B554B26-A918-493E-B80A-070DD7A0EA55}.Release|x86.Build.0 = Release|Any CPU
		{DAE8CE7C-20C3-4B0D-A10F-40B4033629FE}.Debug|Any CPU.ActiveCfg = Debug|Any CPU
		{DAE8CE7C-20C3-4B0D-A10F-40B4033629FE}.Debug|Any CPU.Build.0 = Debug|Any CPU
		{DAE8CE7C-20C3-4B0D-A10F-40B4033629FE}.Debug|x64.ActiveCfg = Debug|Any CPU
		{DAE8CE7C-20C3-4B0D-A10F-40B4033629FE}.Debug|x64.Build.0 = Debug|Any CPU
		{DAE8CE7C-20C3-4B0D-A10F-40B4033629FE}.Debug|x86.ActiveCfg = Debug|Any CPU
		{DAE8CE7C-20C3-4B0D-A10F-40B4033629FE}.Debug|x86.Build.0 = Debug|Any CPU
		{DAE8CE7C-20C3-4B0D-A10F-40B4033629FE}.Release|Any CPU.ActiveCfg = Release|Any CPU
		{DAE8CE7C-20C3-4B0D-A10F-40B4033629FE}.Release|Any CPU.Build.0 = Release|Any CPU
		{DAE8CE7C-20C3-4B0D-A10F-40B4033629FE}.Release|x64.ActiveCfg = Release|Any CPU
		{DAE8CE7C-20C3-4B0D-A10F-40B4033629FE}.Release|x64.Build.0 = Release|Any CPU
		{DAE8CE7C-20C3-4B0D-A10F-40B4033629FE}.Release|x86.ActiveCfg = Release|Any CPU
		{DAE8CE7C-20C3-4B0D-A10F-40B4033629FE}.Release|x86.Build.0 = Release|Any CPU
		{5F7B856B-F842-45C2-8BC5-2E4DB5760AF8}.Debug|Any CPU.ActiveCfg = Debug|Any CPU
		{5F7B856B-F842-45C2-8BC5-2E4DB5760AF8}.Debug|Any CPU.Build.0 = Debug|Any CPU
		{5F7B856B-F842-45C2-8BC5-2E4DB5760AF8}.Debug|x64.ActiveCfg = Debug|Any CPU
		{5F7B856B-F842-45C2-8BC5-2E4DB5760AF8}.Debug|x64.Build.0 = Debug|Any CPU
		{5F7B856B-F842-45C2-8BC5-2E4DB5760AF8}.Debug|x86.ActiveCfg = Debug|Any CPU
		{5F7B856B-F842-45C2-8BC5-2E4DB5760AF8}.Debug|x86.Build.0 = Debug|Any CPU
		{5F7B856B-F842-45C2-8BC5-2E4DB5760AF8}.Release|Any CPU.ActiveCfg = Release|Any CPU
		{5F7B856B-F842-45C2-8BC5-2E4DB5760AF8}.Release|Any CPU.Build.0 = Release|Any CPU
		{5F7B856B-F842-45C2-8BC5-2E4DB5760AF8}.Release|x64.ActiveCfg = Release|Any CPU
		{5F7B856B-F842-45C2-8BC5-2E4DB5760AF8}.Release|x64.Build.0 = Release|Any CPU
		{5F7B856B-F842-45C2-8BC5-2E4DB5760AF8}.Release|x86.ActiveCfg = Release|Any CPU
		{5F7B856B-F842-45C2-8BC5-2E4DB5760AF8}.Release|x86.Build.0 = Release|Any CPU
		{8D48FA94-F3D1-4F8C-8560-FD9FC410F026}.Debug|Any CPU.ActiveCfg = Debug|Any CPU
		{8D48FA94-F3D1-4F8C-8560-FD9FC410F026}.Debug|Any CPU.Build.0 = Debug|Any CPU
		{8D48FA94-F3D1-4F8C-8560-FD9FC410F026}.Debug|x64.ActiveCfg = Debug|Any CPU
		{8D48FA94-F3D1-4F8C-8560-FD9FC410F026}.Debug|x64.Build.0 = Debug|Any CPU
		{8D48FA94-F3D1-4F8C-8560-FD9FC410F026}.Debug|x86.ActiveCfg = Debug|Any CPU
		{8D48FA94-F3D1-4F8C-8560-FD9FC410F026}.Debug|x86.Build.0 = Debug|Any CPU
		{8D48FA94-F3D1-4F8C-8560-FD9FC410F026}.Release|Any CPU.ActiveCfg = Release|Any CPU
		{8D48FA94-F3D1-4F8C-8560-FD9FC410F026}.Release|Any CPU.Build.0 = Release|Any CPU
		{8D48FA94-F3D1-4F8C-8560-FD9FC410F026}.Release|x64.ActiveCfg = Release|Any CPU
		{8D48FA94-F3D1-4F8C-8560-FD9FC410F026}.Release|x64.Build.0 = Release|Any CPU
		{8D48FA94-F3D1-4F8C-8560-FD9FC410F026}.Release|x86.ActiveCfg = Release|Any CPU
		{8D48FA94-F3D1-4F8C-8560-FD9FC410F026}.Release|x86.Build.0 = Release|Any CPU
		{ED85DFA2-7EBE-4DC1-940B-90C72EA769BE}.Debug|Any CPU.ActiveCfg = Debug|Any CPU
		{ED85DFA2-7EBE-4DC1-940B-90C72EA769BE}.Debug|Any CPU.Build.0 = Debug|Any CPU
		{ED85DFA2-7EBE-4DC1-940B-90C72EA769BE}.Debug|x64.ActiveCfg = Debug|Any CPU
		{ED85DFA2-7EBE-4DC1-940B-90C72EA769BE}.Debug|x64.Build.0 = Debug|Any CPU
		{ED85DFA2-7EBE-4DC1-940B-90C72EA769BE}.Debug|x86.ActiveCfg = Debug|Any CPU
		{ED85DFA2-7EBE-4DC1-940B-90C72EA769BE}.Debug|x86.Build.0 = Debug|Any CPU
		{ED85DFA2-7EBE-4DC1-940B-90C72EA769BE}.Release|Any CPU.ActiveCfg = Release|Any CPU
		{ED85DFA2-7EBE-4DC1-940B-90C72EA769BE}.Release|Any CPU.Build.0 = Release|Any CPU
		{ED85DFA2-7EBE-4DC1-940B-90C72EA769BE}.Release|x64.ActiveCfg = Release|Any CPU
		{ED85DFA2-7EBE-4DC1-940B-90C72EA769BE}.Release|x64.Build.0 = Release|Any CPU
		{ED85DFA2-7EBE-4DC1-940B-90C72EA769BE}.Release|x86.ActiveCfg = Release|Any CPU
		{ED85DFA2-7EBE-4DC1-940B-90C72EA769BE}.Release|x86.Build.0 = Release|Any CPU
		{C8688175-13E1-4C3C-B47A-96AC8B64FC11}.Debug|Any CPU.ActiveCfg = Debug|Any CPU
		{C8688175-13E1-4C3C-B47A-96AC8B64FC11}.Debug|Any CPU.Build.0 = Debug|Any CPU
		{C8688175-13E1-4C3C-B47A-96AC8B64FC11}.Debug|x64.ActiveCfg = Debug|Any CPU
		{C8688175-13E1-4C3C-B47A-96AC8B64FC11}.Debug|x64.Build.0 = Debug|Any CPU
		{C8688175-13E1-4C3C-B47A-96AC8B64FC11}.Debug|x86.ActiveCfg = Debug|Any CPU
		{C8688175-13E1-4C3C-B47A-96AC8B64FC11}.Debug|x86.Build.0 = Debug|Any CPU
		{C8688175-13E1-4C3C-B47A-96AC8B64FC11}.Release|Any CPU.ActiveCfg = Release|Any CPU
		{C8688175-13E1-4C3C-B47A-96AC8B64FC11}.Release|Any CPU.Build.0 = Release|Any CPU
		{C8688175-13E1-4C3C-B47A-96AC8B64FC11}.Release|x64.ActiveCfg = Release|Any CPU
		{C8688175-13E1-4C3C-B47A-96AC8B64FC11}.Release|x64.Build.0 = Release|Any CPU
		{C8688175-13E1-4C3C-B47A-96AC8B64FC11}.Release|x86.ActiveCfg = Release|Any CPU
		{C8688175-13E1-4C3C-B47A-96AC8B64FC11}.Release|x86.Build.0 = Release|Any CPU
		{91FAB2EA-71C0-4FCB-B6AB-0E94F10F55DF}.Debug|Any CPU.ActiveCfg = Debug|Any CPU
		{91FAB2EA-71C0-4FCB-B6AB-0E94F10F55DF}.Debug|Any CPU.Build.0 = Debug|Any CPU
		{91FAB2EA-71C0-4FCB-B6AB-0E94F10F55DF}.Debug|x64.ActiveCfg = Debug|Any CPU
		{91FAB2EA-71C0-4FCB-B6AB-0E94F10F55DF}.Debug|x64.Build.0 = Debug|Any CPU
		{91FAB2EA-71C0-4FCB-B6AB-0E94F10F55DF}.Debug|x86.ActiveCfg = Debug|Any CPU
		{91FAB2EA-71C0-4FCB-B6AB-0E94F10F55DF}.Debug|x86.Build.0 = Debug|Any CPU
		{91FAB2EA-71C0-4FCB-B6AB-0E94F10F55DF}.Release|Any CPU.ActiveCfg = Release|Any CPU
		{91FAB2EA-71C0-4FCB-B6AB-0E94F10F55DF}.Release|Any CPU.Build.0 = Release|Any CPU
		{91FAB2EA-71C0-4FCB-B6AB-0E94F10F55DF}.Release|x64.ActiveCfg = Release|Any CPU
		{91FAB2EA-71C0-4FCB-B6AB-0E94F10F55DF}.Release|x64.Build.0 = Release|Any CPU
		{91FAB2EA-71C0-4FCB-B6AB-0E94F10F55DF}.Release|x86.ActiveCfg = Release|Any CPU
		{91FAB2EA-71C0-4FCB-B6AB-0E94F10F55DF}.Release|x86.Build.0 = Release|Any CPU
		{71A16E89-ABF0-407D-A137-5C21EF293702}.Debug|Any CPU.ActiveCfg = Debug|Any CPU
		{71A16E89-ABF0-407D-A137-5C21EF293702}.Debug|Any CPU.Build.0 = Debug|Any CPU
		{71A16E89-ABF0-407D-A137-5C21EF293702}.Debug|x64.ActiveCfg = Debug|Any CPU
		{71A16E89-ABF0-407D-A137-5C21EF293702}.Debug|x64.Build.0 = Debug|Any CPU
		{71A16E89-ABF0-407D-A137-5C21EF293702}.Debug|x86.ActiveCfg = Debug|Any CPU
		{71A16E89-ABF0-407D-A137-5C21EF293702}.Debug|x86.Build.0 = Debug|Any CPU
		{71A16E89-ABF0-407D-A137-5C21EF293702}.Release|Any CPU.ActiveCfg = Release|Any CPU
		{71A16E89-ABF0-407D-A137-5C21EF293702}.Release|Any CPU.Build.0 = Release|Any CPU
		{71A16E89-ABF0-407D-A137-5C21EF293702}.Release|x64.ActiveCfg = Release|Any CPU
		{71A16E89-ABF0-407D-A137-5C21EF293702}.Release|x64.Build.0 = Release|Any CPU
		{71A16E89-ABF0-407D-A137-5C21EF293702}.Release|x86.ActiveCfg = Release|Any CPU
		{71A16E89-ABF0-407D-A137-5C21EF293702}.Release|x86.Build.0 = Release|Any CPU
		{DBF3D767-B0F2-49FE-8FCB-30E9561618B3}.Debug|Any CPU.ActiveCfg = Debug|Any CPU
		{DBF3D767-B0F2-49FE-8FCB-30E9561618B3}.Debug|Any CPU.Build.0 = Debug|Any CPU
		{DBF3D767-B0F2-49FE-8FCB-30E9561618B3}.Debug|x64.ActiveCfg = Debug|Any CPU
		{DBF3D767-B0F2-49FE-8FCB-30E9561618B3}.Debug|x64.Build.0 = Debug|Any CPU
		{DBF3D767-B0F2-49FE-8FCB-30E9561618B3}.Debug|x86.ActiveCfg = Debug|Any CPU
		{DBF3D767-B0F2-49FE-8FCB-30E9561618B3}.Debug|x86.Build.0 = Debug|Any CPU
		{DBF3D767-B0F2-49FE-8FCB-30E9561618B3}.Release|Any CPU.ActiveCfg = Release|Any CPU
		{DBF3D767-B0F2-49FE-8FCB-30E9561618B3}.Release|Any CPU.Build.0 = Release|Any CPU
		{DBF3D767-B0F2-49FE-8FCB-30E9561618B3}.Release|x64.ActiveCfg = Release|Any CPU
		{DBF3D767-B0F2-49FE-8FCB-30E9561618B3}.Release|x64.Build.0 = Release|Any CPU
		{DBF3D767-B0F2-49FE-8FCB-30E9561618B3}.Release|x86.ActiveCfg = Release|Any CPU
		{DBF3D767-B0F2-49FE-8FCB-30E9561618B3}.Release|x86.Build.0 = Release|Any CPU
		{9CE17558-7947-433B-85FB-948E69276C16}.Debug|Any CPU.ActiveCfg = Debug|Any CPU
		{9CE17558-7947-433B-85FB-948E69276C16}.Debug|Any CPU.Build.0 = Debug|Any CPU
		{9CE17558-7947-433B-85FB-948E69276C16}.Debug|x64.ActiveCfg = Debug|Any CPU
		{9CE17558-7947-433B-85FB-948E69276C16}.Debug|x64.Build.0 = Debug|Any CPU
		{9CE17558-7947-433B-85FB-948E69276C16}.Debug|x86.ActiveCfg = Debug|Any CPU
		{9CE17558-7947-433B-85FB-948E69276C16}.Debug|x86.Build.0 = Debug|Any CPU
		{9CE17558-7947-433B-85FB-948E69276C16}.Release|Any CPU.ActiveCfg = Release|Any CPU
		{9CE17558-7947-433B-85FB-948E69276C16}.Release|Any CPU.Build.0 = Release|Any CPU
		{9CE17558-7947-433B-85FB-948E69276C16}.Release|x64.ActiveCfg = Release|Any CPU
		{9CE17558-7947-433B-85FB-948E69276C16}.Release|x64.Build.0 = Release|Any CPU
		{9CE17558-7947-433B-85FB-948E69276C16}.Release|x86.ActiveCfg = Release|Any CPU
		{9CE17558-7947-433B-85FB-948E69276C16}.Release|x86.Build.0 = Release|Any CPU
	EndGlobalSection
	GlobalSection(SolutionProperties) = preSolution
		HideSolutionNode = FALSE
	EndGlobalSection
	GlobalSection(NestedProjects) = preSolution
		{6B554B26-A918-493E-B80A-070DD7A0EA55} = {DEF6B502-E771-44C5-80F4-23F8F6A23808}
		{DAE8CE7C-20C3-4B0D-A10F-40B4033629FE} = {DEF6B502-E771-44C5-80F4-23F8F6A23808}
		{5F7B856B-F842-45C2-8BC5-2E4DB5760AF8} = {DEF6B502-E771-44C5-80F4-23F8F6A23808}
		{8D48FA94-F3D1-4F8C-8560-FD9FC410F026} = {02EA681E-C7D8-13C7-8484-4AC65E1B71E8}
		{ED85DFA2-7EBE-4DC1-940B-90C72EA769BE} = {02EA681E-C7D8-13C7-8484-4AC65E1B71E8}
		{C8688175-13E1-4C3C-B47A-96AC8B64FC11} = {3BD6ED54-B14B-41FD-8107-73198AE6A2B0}
		{91FAB2EA-71C0-4FCB-B6AB-0E94F10F55DF} = {3BD6ED54-B14B-41FD-8107-73198AE6A2B0}
		{71A16E89-ABF0-407D-A137-5C21EF293702} = {3BD6ED54-B14B-41FD-8107-73198AE6A2B0}
		{DBF3D767-B0F2-49FE-8FCB-30E9561618B3} = {3BD6ED54-B14B-41FD-8107-73198AE6A2B0}
		{9CE17558-7947-433B-85FB-948E69276C16} = {3BD6ED54-B14B-41FD-8107-73198AE6A2B0}
	EndGlobalSection
	GlobalSection(ExtensibilityGlobals) = postSolution
		SolutionGuid = {4E9FA05A-B5EC-4A64-8750-1B7C0C06149D}
	EndGlobalSection
EndGlobal
